
Microsoft Visual Studio Solution File, Format Version 12.00
# Visual Studio Version 16
VisualStudioVersion = 16.0.31424.327
MinimumVisualStudioVersion = 10.0.40219.1
Project("{FAE04EC0-301F-11D3-BF4B-00C04F79EFBC}") = "Amiel", "Amiel.csproj", "{30CF95E1-68D7-42FB-8903-9A6D6CB7590F}"
EndProject
Global
	GlobalSection(SolutionConfigurationPlatforms) = preSolution
		Debug|Any CPU = Debug|Any CPU
		Debug|x86 = Debug|x86
		Release|Any CPU = Release|Any CPU
		Release|x86 = Release|x86
	EndGlobalSection
	GlobalSection(ProjectConfigurationPlatforms) = postSolution
		{30CF95E1-68D7-42FB-8903-9A6D6CB7590F}.Debug|Any CPU.ActiveCfg = Debug|Any CPU
		{30CF95E1-68D7-42FB-8903-9A6D6CB7590F}.Debug|Any CPU.Build.0 = Debug|Any CPU
		{30CF95E1-68D7-42FB-8903-9A6D6CB7590F}.Debug|x86.ActiveCfg = Debug|x86
		{30CF95E1-68D7-42FB-8903-9A6D6CB7590F}.Debug|x86.Build.0 = Debug|x86
		{30CF95E1-68D7-42FB-8903-9A6D6CB7590F}.Release|Any CPU.ActiveCfg = Release|Any CPU
		{30CF95E1-68D7-42FB-8903-9A6D6CB7590F}.Release|Any CPU.Build.0 = Release|Any CPU
		{30CF95E1-68D7-42FB-8903-9A6D6CB7590F}.Release|x86.ActiveCfg = Release|x86
		{30CF95E1-68D7-42FB-8903-9A6D6CB7590F}.Release|x86.Build.0 = Release|x86
	EndGlobalSection
	GlobalSection(SolutionProperties) = preSolution
		HideSolutionNode = FALSE
	EndGlobalSection
	GlobalSection(ExtensibilityGlobals) = postSolution
		SolutionGuid = {16A299E1-7C2D-4F1E-B25A-6A7D2075F301}
	EndGlobalSection
EndGlobal
